github.com/BurntSushi/toml v0.3.1 h1:WXkYYl6Yr3qBf1K79EBnL4mak0OimBfB0XUf9Vl28OQ=
github.com/BurntSushi/toml v0.3.1/go.mod h1:xHWCNGjB5oqiDr8zfno3MHue2Ht5sIBksp03qcyfWMU=
github.com/Knetic/govaluate v0.0.0-20170926212237-aa73cfd04eeb h1:OalTyjooVa6ky17pQEToIZhkf6ASkUVwTeYWD/I28Bc=
github.com/Knetic/govaluate v0.0.0-20170926212237-aa73cfd04eeb/go.mod h1:r7JcOSlj0wfOMncg0iLm8Leh48TZaKVeNIfJntJ2wa0=
github.com/VividCortex/gohistogram v1.0.0 h1:6+hBz+qvs0JOrrNhhmR7lFxo5sINxBCGXrdtl/UvroE=
github.com/VividCortex/gohistogram v1.0.0/go.mod h1:Pf5mBqqDxYaXu3hDrrU+w6nw50o/4+TcAqDqk/vUH7g=
github.com/beorn7/perks v0.0.0-20180321164747-3a771d992973 h1:xJ4a3vCFaGF/jqvzLMYoU8P317H5OQ+Via4RmuPwCS0=
github.com/beorn7/perks v0.0.0-20180321164747-3a771d992973/go.mod h1:Dwedo/Wpr24TaqPxmxbtue+5NUziq4I4S80YR8gNf3Q=
github.com/cloudflare/cfssl v0.0.0-20170916000929-7d88da830aad h1:MTSJTPKoOCOkfia8xZrJxfJYpJWWBiH9iWZz3vrHk/M=
github.com/cloudflare/cfssl v0.0.0-20170916000929-7d88da830aad/go.mod h1:yMWuSON2oQp+43nFtAV/uvKQIFpSPerB57DCt9t8sSA=
github.com/davecgh/go-spew v1.1.0 h1:ZDRjVQ15GmhC3fiQ8ni8+OwkZQO4DARzQgrnXU1Liz8=
github.com/davecgh/go-spew v1.1.0/go.mod h1:J7Y8YcW2NihsgmVo/mv3lAwl/skON4iLHjSsI+c5H38=
github.com/felixge/httpsnoop v0.0.0-20170629010442-eadd4fad6aac h1:8wSbGG3xyV6l+nklHC4QtR6lZmqSrfdm3y624TM++IA=
github.com/felixge/httpsnoop v0.0.0-20170629010442-eadd4fad6aac/go.mod h1:3+D9sFq0ahK/JeJPhCBUV1xlf4/eIYrUQaxulT0VzX8=
github.com/fsnotify/fsnotify v1.4.7 h1:IXs+QLmnXW2CcXuY+8Mzv/fWEsPGWxqefPtCP5CnV9I=
github.com/fsnotify/fsnotify v1.4.7/go.mod h1:jwhsz4b93w/PPRr/qN1Yymfu8t87LnFCMoQvtojpjFo=
github.com/go-kit/kit v0.0.0-20190102110407-aed320776b71 h1:12Pp1Nhlw98eJPU6VmG4P+VRvSim9kB0vbmSoMd+oDY=
github.com/go-kit/kit v0.0.0-20190102110407-aed320776b71/go.mod h1:xBxKIO96dXMWWy0MnWVtmwkA9/13aqxPnvrjFYMA2as=
github.com/go-logfmt/logfmt v0.0.0-20181122015615-07c9b44f60d7 h1:LFplCKessL+1gLeDESRalkIPXQYuGkNZcHS8nf30z6Q=
github.com/go-logfmt/logfmt v0.0.0-20181122015615-07c9b44f60d7/go.mod h1:3RMwSq7FuexP4Kalkev3ejPJsZTpXXBr9+V4qmtdjCk=
github.com/go-sql-driver/mysql v0.0.0-20190510102335-877a9775f068 h1:s/hRdDyceyrTv4MgaHX/MN5NXBRntUWFyMzQ70us3h8=
github.com/go-sql-driver/mysql v0.0.0-20190510102335-877a9775f068/go.mod h1:zAC/RDZ24gD3HViQzih4MyKcchzm+sOG5ZlKdlhCg5w=
github.com/go-stack/stack v1.8.0 h1:5SgMzNM5HxrEjV0ww2lTmX6E2Izsfxas4+YHWRs3Lsk=
github.com/go-stack/stack v1.8.0/go.mod h1:v0f6uXyyMGvRgIKkXu+yp6POWl0qKG85gN/melR3HDY=
github.com/golang/protobuf v1.2.0/go.mod h1:6lQm79b+lXiMfvg/cZm0SGofjICqVBUtrP5yJMmIC1U=
github.com/golang/protobuf v1.3.1 h1:YF8+flBXS5eO826T4nzqPrxfhQThhXl0YzfuUPu4SBg=
github.com/golang/protobuf v1.3.1/go.mod h1:6lQm79b+lXiMfvg/cZm0SGofjICqVBUtrP5yJMmIC1U=
github.com/google/certificate-transparency-go v0.0.0-20180817154935-3629d6846518 h1:zukir4KmvTsrn1Sr0MWe9eJ+NIsUbYAM/p24rFk9/yk=
github.com/google/certificate-transparency-go v0.0.0-20180817154935-3629d6846518/go.mod h1:QeJfpSbVSfYc7RgB3gJFj9cbuQMMchQxrWXz8Ruopmg=
github.com/gorilla/handlers v0.0.0-20180727230646-7e0847f9db75 h1:lqkbJa7EsuHWQDNVLvIkyBHS1FgVOAMP3XcIF2FTGlY=
github.com/gorilla/handlers v0.0.0-20180727230646-7e0847f9db75/go.mod h1:Qkdc/uu4tH4g6mTK6auzZ766c4CA0Ng8+o/OAirnOIQ=
github.com/gorilla/mux v0.0.0-20181228004216-ef912dd76ebe h1:TXAPri5GkngvAiPmNjQOw6vQOUwjP+g3X0tcyRBkeVE=
github.com/gorilla/mux v0.0.0-20181228004216-ef912dd76ebe/go.mod h1:1lud6UwP+6orDFRuTfBEV8e9/aOM/c4fVVCaMa2zaAs=
github.com/grantae/certinfo v0.0.0-20170412194111-59d56a35515b h1:NGgE5ELokSf2tZ/bydyDUKrvd/jP8lrAoPNeBuMOTOk=
github.com/grantae/certinfo v0.0.0-20170412194111-59d56a35515b/go.mod h1:zT/uzhdQGTqlwTq7Lpbj3JoJQWfPfIJ1tE0OidAmih8=
github.com/hashicorp/hcl v0.0.0-20171017181929-23c074d0eceb h1:1OvvPvZkn/yCQ3xBcM8y4020wdkMXPHLB4+NfoGWh4U=
github.com/hashicorp/hcl v0.0.0-20171017181929-23c074d0eceb/go.mod h1:oZtUIOe8dh44I2q6ScRibXws4Ajl+d+nod3AaR9vL5w=
github.com/hpcloud/tail v1.0.0 h1:nfCOvKYfkgYP8hkirhJocXT2+zOD8yUNjXaWfTlyFKI=
github.com/hpcloud/tail v1.0.0/go.mod h1:ab1qPbhIpdTxEkNHXyeSf5vhxWSCs/tWer42PpOxQnU=
github.com/hyperledger/fabric v0.0.0-20200414114515-1f0a0dd53163 h1:vR94f/3i0B7jWeIupH/d4jPplCNw0DM7icS4uEv4FBo=
github.com/hyperledger/fabric v0.0.0-20200414114515-1f0a0dd53163/go.mod h1:tGFAOCT696D3rG0Vofd2dyWYLySHlh0aQjf7Q1HAju0=
github.com/hyperledger/fabric-amcl v0.0.0-20180903120555-6b78f7a22d95 h1:owonHPXrnEIdS/G3kZa0Ipc59pY4MjxtHlMleFdRLcw=
github.com/hyperledger/fabric-amcl v0.0.0-20180903120555-6b78f7a22d95/go.mod h1:X+DIyUsaTmalOpmpQfIvFZjKHQedrURQ5t4YqquX7lE=
github.com/hyperledger/fabric-lib-go v0.0.0-20181230093725-20a0acfb37ba h1:V1xGxQc6te8XKK/xjNS17X6yxDKQ/KUXuM0AjnuJh2s=
github.com/hyperledger/fabric-lib-go v0.0.0-20181230093725-20a0acfb37ba/go.mod h1:H362nMlunurmHwkYqR5uHL2UDWbQdbfz74n8kbCFsqc=
github.com/inconshreveable/mousetrap v0.0.0-20141017200713-76626ae9c91c h1:Ur2o+2uZgGSejDFvjNQwiKVey0RCq6PjxK+WIDeRik8=
github.com/inconshreveable/mousetrap v0.0.0-20141017200713-76626ae9c91c/go.mod h1:PxqpIevigyE2G7u3NXJIT2ANytuPF1OarO4DADm73n8=
github.com/jmhodges/clock v0.0.0-20160418191101-880ee4c33548 h1:dYTbLf4m0a5u0KLmPfB6mgxbcV7588bOCx79hxa5Sr4=
github.com/jmhodges/clock v0.0.0-20160418191101-880ee4c33548/go.mod h1:hGT6jSUVzF6no3QaDSMLGLEHtHSBSefs+MgcDWnmhmo=
github.com/jmoiron/sqlx v0.0.0-20160914234533-05b81a7d5d38 h1:7kim0vInmpAiuPVlMzm0FaBH1rxdKXagff5wtNmbMr0=
github.com/jmoiron/sqlx v0.0.0-20160914234533-05b81a7d5d38/go.mod h1:IiEW3SEiiErVyFdH8NTuWjSifiEQKUoyK3LNqr2kCHU=
github.com/kisielk/sqlstruct v0.0.0-20150923205031-648daed35d49 h1:o/c0aWEP/m6n61xlYW2QP4t9424qlJOsxugn5Zds2Rg=
github.com/kisielk/sqlstruct v0.0.0-20150923205031-648daed35d49/go.mod h1:yyMNCyc/Ib3bDTKd379tNMpB/7/H5TjM2Y9QJ5THLbE=
github.com/kr/fs v0.0.0-20131111012553-2788f0dbd169 h1:YUrU1/jxRqnt0PSrKj1Uj/wEjk/fjnE80QFfi2Zlj7Q=
github.com/kr/fs v0.0.0-20131111012553-2788f0dbd169/go.mod h1:glhvuHOU9Hy7/8PwwdtnarXqLagOX0b/TbZx2zLMqEg=
github.com/kr/logfmt v0.0.0-20140226030751-b84e30acd515 h1:T+h1c/A9Gawja4Y9mFVWj2vyii2bbUNDw3kt9VxK2EY=
github.com/kr/logfmt v0.0.0-20140226030751-b84e30acd515/go.mod h1:+0opPa2QZZtGFBFZlji/RkVcI2GknAs/DXo4wKdlNEc=
github.com/lib/pq v0.0.0-20161014011634-ae8357db35d7 h1:L7C4cC61DRJcMuyaL8FFgErQCfHp2qu/ht/qi8WiygQ=
github.com/lib/pq v0.0.0-20161014011634-ae8357db35d7/go.mod h1:5WUZQaWbwv1U+lTReE5YruASi9Al49XbQIvNi/34Woo=
github.com/magiconair/properties v0.0.0-20160908093658-0723e352fa35 h1:lKVye3pqP9/O2EuIorT0CivWJM3vMzS63kStsgONluY=
github.com/magiconair/properties v0.0.0-20160908093658-0723e352fa35/go.mod h1:PppfXfuXeibc/6YijjN8zIbojt8czPbwD3XqdrwzmxQ=
github.com/mattn/go-sqlite3 v0.0.0-20200128102519-9bdaffc12bf8 h1:blf6WS5H27ewtD1YTO0A2siLUh/LDbdGOn1hf496iag=
github.com/mattn/go-sqlite3 v0.0.0-20200128102519-9bdaffc12bf8/go.mod h1:FPy6KqzDD04eiIsT53CuJW3U88zkxoIYsOqkbpncsNc=
github.com/matttproud/golang_protobuf_extensions v1.0.1 h1:4hp9jkHxhMHkqkrB3Ix0jegS5sx/RkqARlsWZ6pIwiU=
github.com/matttproud/golang_protobuf_extensions v1.0.1/go.mod h1:D8He9yQNgCq6Z5Ld7szi9bcBfOoFv/3dc6xSMkL2PC0=
github.com/miekg/pkcs11 v0.0.0-20190419071023-cb39313ec884 h1:Rla8yb3s3yi5tlxPvwtebzzZnhHzTfqZ7eSiphl2b9Y=
github.com/miekg/pkcs11 v0.0.0-20190419071023-cb39313ec884/go.mod h1:XsNlhZGX73bx86s2hdc/FuaLm2CPZJemRLMA+WTFxgs=
github.com/mitchellh/mapstructure v0.0.0-20161020161836-f3009df150da h1:z1HPq7I0Eajh3On8i7MEfqOurIg+aCllNR3omoF2UNY=
github.com/mitchellh/mapstructure v0.0.0-20161020161836-f3009df150da/go.mod h1:FVVH3fgwuzCH5S8UJGiWEs2h04kUh9fWfEaFds41c1Y=
github.com/onsi/ginkgo v1.6.0 h1:Ix8l273rp3QzYgXSR+c8d1fTG7UPgYkOSELPhiY/YGw=
github.com/onsi/ginkgo v1.6.0/go.mod h1:lLunBs/Ym6LB5Z9jYTR76FiuTmxDTDusOGeTQH+WWjE=
github.com/onsi/gomega v0.0.0-20181120164056-740d080e49d9 h1:zbT7BqtT+HL/zbkq3mGSo9YK1TQzSNlE68hZ50Om90E=
github.com/onsi/gomega v0.0.0-20181120164056-740d080e49d9/go.mod h1:ex+gbHU/CVuBBDIJjb2X0qEXbFg53c61hWP/1CpauHY=
github.com/op/go-logging v0.0.0-20160315200505-970db520ece7 h1:lDH9UUVJtmYCjyT0CI4q8xvlXPxeZ0gYCVvWbmPlp88=
github.com/op/go-logging v0.0.0-20160315200505-970db520ece7/go.mod h1:HzydrMdWErDVzsI23lYNej1Htcns9BCg93Dk0bBINWk=
github.com/pelletier/go-toml v0.0.0-20171024211038-4e9e0ee19b60 h1:3mlGSn1qWc0qIuxxgX42d6ZEeCP6BtVgTvMR3bIkP/Y=
github.com/pelletier/go-toml v0.0.0-20171024211038-4e9e0ee19b60/go.mod h1:5z9KED0ma1S8pY6P1sdut58dfprrGBbd/94hg7ilaic=
github.com/pkg/errors v0.8.1 h1:iURUrRGxPUNPdy5/HRSm+Yj6okJ6UtLINN0Q9M4+h3I=
github.com/pkg/errors v0.8.1/go.mod h1:bwawxfHBFNV+L2hUp1rHADufV3IMtnDRdf1r5NINEl0=
github.com/pkg/profile v0.0.0-20161223203901-3a8809bd8a80 h1:DQFOykp5w+HOykOMzd2yOX5P6ty58Ggiu2rthHgcNQg=
github.com/pkg/profile v0.0.0-20161223203901-3a8809bd8a80/go.mod h1:hJw3o1OdXxsrSjjVksARp5W95eeEaEfptyVZyv6JUPA=
github.com/pkg/sftp v0.0.0-20160930220758-4d0e916071f6 h1:V8AT/I4KmIDRfObq0yBUvbD4DeaYmQY9GhC5sKl24Mo=
github.com/pkg/sftp v0.0.0-20160930220758-4d0e916071f6/go.mod h1:NxmoDg/QLVWluQDUYG7XBZTLUpKeFa8e3aMf1BfjyHk=
github.com/pmezard/go-difflib v1.0.0 h1:4DBwDE0NGyQoBHbLQYPwSUPoCMWR5BEzIk/f1lZbAQM=
github.com/pmezard/go-difflib v1.0.0/go.mod h1:iKH77koFhYxTK1pcRnkKkqfTogsbg7gZNVY4sRDYZ/4=
github.com/prometheus/client_golang v0.0.0-20181230203121-fb3d5cb2ad57 h1:+cstagqzfjiYrs1QrmypZRndHJafhB9W3ab/zPiwl1Q=
github.com/prometheus/client_golang v0.0.0-20181230203121-fb3d5cb2ad57/go.mod h1:PS8H/EtMiYNSR3o4jWYMuyp9FkDf2ptwxn1kTerl5EM=
github.com/prometheus/client_model v0.0.0-20180712105110-5c3871d89910 h1:idejC8f05m9MGOsuEi1ATq9shN03HrxNkD/luQvxCv8=
github.com/prometheus/client_model v0.0.0-20180712105110-5c3871d89910/go.mod h1:MbSGuTsp3dbXC40dX6PRTWyKYBIrTGTE9sqQNg2J8bo=
github.com/prometheus/common v0.0.0-20181218105931-67670fe90761 h1:z6tvbDJ5OLJ48FFmnksv04a78maSTRBUIhkdHYV5Y98=
github.com/prometheus/common v0.0.0-20181218105931-67670fe90761/go.mod h1:daVV7qP5qjZbuso7PdcryaAu0sAZbrN9i7WWcTMWvro=
github.com/prometheus/procfs v0.0.0-20181204211112-1dc9a6cbc91a/go.mod h1:c3At6R/oaqEKCNdg8wHV1ftS6bRYblBhIjjI8uT2IGk=
github.com/prometheus/procfs v0.0.0-20190102135031-14fa7590c24d h1:iSxvUGRUGQTUgEo5+8TqMVQoH5AdaphEIjh8AnM7TPo=
github.com/prometheus/procfs v0.0.0-20190102135031-14fa7590c24d/go.mod h1:c3At6R/oaqEKCNdg8wHV1ftS6bRYblBhIjjI8uT2IGk=
github.com/spf13/afero v0.0.0-20160919210114-52e4a6cfac46 h1:oJAUI67mq3xuqudgt8CGd+pkKPML8+AoFWzP1vPYHFc=
github.com/spf13/afero v0.0.0-20160919210114-52e4a6cfac46/go.mod h1:j4pytiNVoe2o6bmDsKpLACNPDBIoEAkihy7loJ1B0CQ=
github.com/spf13/cast v0.0.0-20160926084249-2580bc98dc0e h1:+axhEi83O3FFcwP/e9t09UHRmV1zZFl8RsgtO0zuZhY=
github.com/spf13/cast v0.0.0-20160926084249-2580bc98dc0e/go.mod h1:r2rcYCSwa1IExKTDiTfzaxqT2FNHs8hODu4LnUfgKEg=
github.com/spf13/cobra v0.0.0-20170130214531-35136c09d8da h1:mZiZ8sai4TSl3SSdeadmwgB+PyZxI9VSasO95RV7na8=
github.com/spf13/cobra v0.0.0-20170130214531-35136c09d8da/go.mod h1:1l0Ry5zgKvJasoi3XT1TypsSe7PqH0Sj9dhYf7v3XqQ=
github.com/spf13/jwalterweatherman v0.0.0-20160311093646-33c24e77fb80 h1:evyGXhHMrxKBDkdlSPv9HMWV2o53o+Ibhm28BGc0450=
github.com/spf13/jwalterweatherman v0.0.0-20160311093646-33c24e77fb80/go.mod h1:cQK4TGJAtQXfYWX+Ddv3mKDzgVb68N+wFjFa4jdeBTo=
github.com/spf13/pflag v0.0.0-20161024131444-5ccb023bc27d h1:cpV+7T5E6SXMwGmiItJzTK/37mX2aQj1uWCYWtO3q9U=
github.com/spf13/pflag v0.0.0-20161024131444-5ccb023bc27d/go.mod h1:DYY7MBk1bdzusC3SYhjObp+wFpr4gzcvqqNjLnInEg4=
github.com/spf13/viper v0.0.0-20171207042631-1a0c4a370c3e h1:ESFDuFnuzmZCTHVKct1M2dBdQwPJexfD/0eAGeHKTGI=
github.com/spf13/viper v0.0.0-20171207042631-1a0c4a370c3e/go.mod h1:A8kyI5cUJhb8N+3pkfONlcEcZbueH6nhAm0Fq7SrnBM=
github.com/stretchr/objx v0.1.0 h1:4G4v2dO3VZwixGIRoQ5Lfboy6nUhCyYzaqnIAPPhYs4=
github.com/stretchr/objx v0.1.0/go.mod h1:HFkY916IF+rwdDfMAkV7OtwuqBVzrE8GR6GFx+wExME=
github.com/stretchr/testify v1.3.0 h1:TivCn/peBQ7UY8ooIcPgZFpTNSz0Q2U6UrFlUfqbe0Q=
github.com/stretchr/testify v1.3.0/go.mod h1:M5WIy9Dh21IEIfnGCwXGc5bZfKNJtfHm1UVUgZn+9EI=
github.com/sykesm/zap-logfmt v0.0.0-20190124193228-ccbdde42f96b h1:sYVAza/rz7HAjmysU6bJhyu8uN3Ws0WaZdUgo8jplF0=
github.com/sykesm/zap-logfmt v0.0.0-20190124193228-ccbdde42f96b/go.mod h1:TerDJT124HaO8UTpZ2wJCipJRAKQ9XONM1mzUabIh6M=
go.uber.org/atomic v1.3.2 h1:2Oa65PReHzfn29GpvgsYwloV9AVFHPDk8tYxt2c2tr4=
go.uber.org/atomic v1.3.2/go.mod h1:gD2HeocX3+yG+ygLZcrzQJaqmWj9AIm7n08wl/qW/PE=
go.uber.org/multierr v1.1.0 h1:HoEmRHQPVSqub6w2z2d2EOVs2fjyFRGyofhKuyDq0QI=
go.uber.org/multierr v1.1.0/go.mod h1:wR5kodmAFQ0UK8QlbwjlSNy0Z68gJhDJUG5sjR94q/0=
go.uber.org/zap v1.9.1 h1:XCJQEf3W6eZaVwhRBof6ImoYGJSITeKWsyeh3HFu/5o=
go.uber.org/zap v1.9.1/go.mod h1:vwi/ZaCAaUcBkycHslxD9B2zi4UTXhF60s6SWpuDF0Q=
golang.org/x/crypto v0.0.0-20190308221718-c2843e01d9a2/go.mod h1:djNgcEr1/C05ACkg1iLfiJU5Ep61QUkGW8qpdssI0+w=
golang.org/x/crypto v0.0.0-20200622213623-75b288015ac9/go.mod h1:LzIPMQfyMNhhGPhUkYOs5KpL4U8rLKemX1yGLhDgUto=
golang.org/x/crypto v0.0.0-20201016220609-9e8e0b390897 h1:pLI5jrR7OSLijeIDcmRxNmw2api+jEfxLoykJVice/E=
golang.org/x/crypto v0.0.0-20201016220609-9e8e0b390897/go.mod h1:LzIPMQfyMNhhGPhUkYOs5KpL4U8rLKemX1yGLhDgUto=
golang.org/x/net v0.0.0-20180906233101-161cd47e91fd/go.mod h1:mL1N/T3taQHkDXs73rZJwtUhF3w3ftmwwsq0BUmARs4=
golang.org/x/net v0.0.0-20181217023233-e147a9138326/go.mod h1:mL1N/T3taQHkDXs73rZJwtUhF3w3ftmwwsq0BUmARs4=
golang.org/x/net v0.0.0-20190404232315-eb5bcb51f2a3/go.mod h1:t9HGtf8HONx5eT2rtn7q6eTqICYqUVnKs3thJo3Qplg=
golang.org/x/net v0.0.0-20190603091049-60506f45cf65/go.mod h1:HSz+uSET+XFnRR8LxR5pz3Of3rY3CfYBVs4xY44aLks=
golang.org/x/net v0.0.0-20201020065357-d65d470038a5 h1:KrxvpY64uUzANd9wKWr6ZAsufiii93XnvXaeikyCJ2g=
golang.org/x/net v0.0.0-20201020065357-d65d470038a5/go.mod h1:sp8m0HH+o8qH0wwXwYZr8TS3Oi6o0r6Gce1SSxlDquU=
golang.org/x/sync v0.0.0-20180314180146-1d60e4601c6f/go.mod h1:RxMgew5VJxzue5/jJTE5uejpjVlOe/izrB70Jof72aM=
golang.org/x/sync v0.0.0-20181108010431-42b317875d0f/go.mod h1:RxMgew5VJxzue5/jJTE5uejpjVlOe/izrB70Jof72aM=
golang.org/x/sys v0.0.0-20180909124046-d0be0721c37e/go.mod h1:STP8DvDyc/dI5b8T5hshtkjS+E42TnysNCUPdjciGhY=
golang.org/x/sys v0.0.0-20190215142949-d0b11bdaac8a/go.mod h1:STP8DvDyc/dI5b8T5hshtkjS+E42TnysNCUPdjciGhY=
golang.org/x/sys v0.0.0-20190412213103-97732733099d/go.mod h1:h1NjWce9XRLGQEsW7wpKNCjG9DtNlClVuFLEZdDNbEs=
golang.org/x/sys v0.0.0-20200930185726-fdedc70b468f/go.mod h1:h1NjWce9XRLGQEsW7wpKNCjG9DtNlClVuFLEZdDNbEs=
golang.org/x/sys v0.0.0-20201018230417-eeed37f84f13 h1:5jaG59Zhd+8ZXe8C+lgiAGqkOaZBruqrWclLkgAww34=
golang.org/x/sys v0.0.0-20201018230417-eeed37f84f13/go.mod h1:h1NjWce9XRLGQEsW7wpKNCjG9DtNlClVuFLEZdDNbEs=
golang.org/x/text v0.3.0/go.mod h1:NqM8EUOU14njkJ3fqMW+pc6Ldnwhi/IjpwHt7yyuwOQ=
golang.org/x/text v0.3.2/go.mod h1:bEr9sfX3Q8Zfm5fL9x+3itogRgK3+ptLWKqgva+5dAk=
golang.org/x/text v0.3.3 h1:cokOdA+Jmi5PJGXLlLllQSgYigAEfHXJAERHVMaCc2k=
golang.org/x/text v0.3.3/go.mod h1:5Zoc/QRtKVWzQhOtBMvqHzDpF6irO9z98xDceosuGiQ=
golang.org/x/tools v0.0.0-20180917221912-90fa682c2a6e/go.mod h1:n7NCudcB/nEzxVGmLbDWY5pfWTLqBcC2KZ6jyYvM4mQ=
google.golang.org/appengine v1.6.7 h1:FZR1q0exgwxzPzp/aF+VccGrSfxfPpkBqjIIEq3ru6c=
google.golang.org/appengine v1.6.7/go.mod h1:8WjMMxjGQR8xUklV/ARdw2HLXBOI7O7uCIDZVag1xfc=
google.golang.org/grpc v0.0.0-20151022210000-1f1a4999ca75 h1:bDt28D1mKZhtS0lylj6kj7sposdsLwWw/CBxbyjeImA=
google.golang.org/grpc v0.0.0-20151022210000-1f1a4999ca75/go.mod h1:yo6s7OP7yaDglbqo1J04qKzAhqBH6lvTonzMVmEdcZw=
gopkg.in/asn1-ber.v1 v1.0.0-20150924051756-4e86f4367175 h1:nn6Zav2sOQHCFJHEspya8KqxhFwKci30UxHy3HXPTyQ=
gopkg.in/asn1-ber.v1 v1.0.0-20150924051756-4e86f4367175/go.mod h1:cuepJuh7vyXfUyUwEgHQXw849cJrilpS5NeIjOWESAw=
gopkg.in/check.v1 v0.0.0-20161208181325-20d25e280405 h1:yhCVgyC4o1eVCa2tZl7eS0r+SDo693bJlVdllGtEeKM=
gopkg.in/check.v1 v0.0.0-20161208181325-20d25e280405/go.mod h1:Co6ibVJAznAaIkqp8huTwlJQCZ016jof/cbN4VW5Yz0=
gopkg.in/fsnotify.v1 v1.4.7 h1:xOHLXZwVvI9hhs+cLKq5+I5onOuwQLhQwiu63xxlHs4=
gopkg.in/fsnotify.v1 v1.4.7/go.mod h1:Tz8NjZHkW78fSQdbUxIjBTcgA1z1m8ZHf0WmKUhAMys=
gopkg.in/ldap.v2 v2.0.0-20161201204733-8168ee085ee4 h1:gn1diSCOV7w1da3lOzhMSYxAF/44G0ouzX1grLe77kk=
gopkg.in/ldap.v2 v2.0.0-20161201204733-8168ee085ee4/go.mod h1:oI0cpe/D7HRtBQl8aTg+ZmzFUAvu4lsv3eLXMLGFxWk=
gopkg.in/tomb.v1 v1.0.0-20141024135613-dd632973f1e7 h1:uRGJdciOHaEIrze2W8Q3AKkepLTh2hOroT7a+7czfdQ=
gopkg.in/tomb.v1 v1.0.0-20141024135613-dd632973f1e7/go.mod h1:dt/ZhP58zS4L8KSrWDmTeBkI65Dw0HsyUHuEVlX15mw=
gopkg.in/yaml.v2 v2.2.1 h1:mUhvW9EsL+naU5Q3cakzfE91YhliOondGd6ZrsDBHQE=
gopkg.in/yaml.v2 v2.2.1/go.mod h1:hI93XBmqTisBFMUTm0b8Fm+jr3Dg1NNxqwp+5A1VGuI=
